
Microsoft Visual Studio Solution File, Format Version 12.00
# Visual Studio 14
VisualStudioVersion = 14.0.25420.1
MinimumVisualStudioVersion = 10.0.40219.1
Project("{FAE04EC0-301F-11D3-BF4B-00C04F79EFBC}") = "RabbitMQWrapper", "RabbitMQWrapper\RabbitMQWrapper.csproj", "{338414DA-D132-443B-9676-435DA5F25FA0}"
EndProject
Project("{FAE04EC0-301F-11D3-BF4B-00C04F79EFBC}") = "RabbitMQWrapper.Tests", "RabbitMQWrapper.Tests\RabbitMQWrapper.Tests.csproj", "{C7A6EB9A-D032-4BDC-8C13-5F8B5E11CB61}"
EndProject
Project("{FAE04EC0-301F-11D3-BF4B-00C04F79EFBC}") = "Demo_Publisher", "Demo_Publisher\Demo_Publisher.csproj", "{2276006B-5308-46C1-A961-2E164DA7ACC1}"
EndProject
Project("{FAE04EC0-301F-11D3-BF4B-00C04F79EFBC}") = "Demo_Consumer", "Demo_Consumer\Demo_Consumer.csproj", "{E902426F-EF3C-4EC9-B230-58B3AB802D4E}"
EndProject
Project("{FAE04EC0-301F-11D3-BF4B-00C04F79EFBC}") = "Demo_Consumer_Complex", "Demo_Consumer_Complex\Demo_Consumer_Complex.csproj", "{E430D36F-643E-4963-97A5-AC03B0F0F8E5}"
EndProject
Global
	GlobalSection(SolutionConfigurationPlatforms) = preSolution
		Debug|Any CPU = Debug|Any CPU
		Release|Any CPU = Release|Any CPU
	EndGlobalSection
	GlobalSection(ProjectConfigurationPlatforms) = postSolution
		{338414DA-D132-443B-9676-435DA5F25FA0}.Debug|Any CPU.ActiveCfg = Debug|Any CPU
		{338414DA-D132-443B-9676-435DA5F25FA0}.Debug|Any CPU.Build.0 = Debug|Any CPU
		{338414DA-D132-443B-9676-435DA5F25FA0}.Release|Any CPU.ActiveCfg = Release|Any CPU
		{338414DA-D132-443B-9676-435DA5F25FA0}.Release|Any CPU.Build.0 = Release|Any CPU
		{C7A6EB9A-D032-4BDC-8C13-5F8B5E11CB61}.Debug|Any CPU.ActiveCfg = Debug|Any CPU
		{C7A6EB9A-D032-4BDC-8C13-5F8B5E11CB61}.Debug|Any CPU.Build.0 = Debug|Any CPU
		{C7A6EB9A-D032-4BDC-8C13-5F8B5E11CB61}.Release|Any CPU.ActiveCfg = Release|Any CPU
		{C7A6EB9A-D032-4BDC-8C13-5F8B5E11CB61}.Release|Any CPU.Build.0 = Release|Any CPU
		{2276006B-5308-46C1-A961-2E164DA7ACC1}.Debug|Any CPU.ActiveCfg = Debug|Any CPU
		{2276006B-5308-46C1-A961-2E164DA7ACC1}.Debug|Any CPU.Build.0 = Debug|Any CPU
		{2276006B-5308-46C1-A961-2E164DA7ACC1}.Release|Any CPU.ActiveCfg = Release|Any CPU
		{2276006B-5308-46C1-A961-2E164DA7ACC1}.Release|Any CPU.Build.0 = Release|Any CPU
		{E902426F-EF3C-4EC9-B230-58B3AB802D4E}.Debug|Any CPU.ActiveCfg = Debug|Any CPU
		{E902426F-EF3C-4EC9-B230-58B3AB802D4E}.Debug|Any CPU.Build.0 = Debug|Any CPU
		{E902426F-EF3C-4EC9-B230-58B3AB802D4E}.Release|Any CPU.ActiveCfg = Release|Any CPU
		{E902426F-EF3C-4EC9-B230-58B3AB802D4E}.Release|Any CPU.Build.0 = Release|Any CPU
		{E430D36F-643E-4963-97A5-AC03B0F0F8E5}.Debug|Any CPU.ActiveCfg = Debug|Any CPU
		{E430D36F-643E-4963-97A5-AC03B0F0F8E5}.Debug|Any CPU.Build.0 = Debug|Any CPU
		{E430D36F-643E-4963-97A5-AC03B0F0F8E5}.Release|Any CPU.ActiveCfg = Release|Any CPU
		{E430D36F-643E-4963-97A5-AC03B0F0F8E5}.Release|Any CPU.Build.0 = Release|Any CPU
	EndGlobalSection
	GlobalSection(SolutionProperties) = preSolution
		HideSolutionNode = FALSE
	EndGlobalSection
EndGlobal
